
Microsoft Visual Studio Solution File, Format Version 12.00
# Visual Studio Version 17
VisualStudioVersion = 17.12.35521.163 d17.12
MinimumVisualStudioVersion = 10.0.40219.1
Project("{FAE04EC0-301F-11D3-BF4B-00C04F79EFBC}") = "OOP_Assignment_02", "OOP_Assignment_02\OOP_Assignment_02.csproj", "{65B5F0EF-2972-4A32-ADBF-B9C7CD2B8F12}"
EndProject
Global
	GlobalSection(SolutionConfigurationPlatforms) = preSolution
		Debug|Any CPU = Debug|Any CPU
		Release|Any CPU = Release|Any CPU
	EndGlobalSection
	GlobalSection(ProjectConfigurationPlatforms) = postSolution
		{65B5F0EF-2972-4A32-ADBF-B9C7CD2B8F12}.Debug|Any CPU.ActiveCfg = Debug|Any CPU
		{65B5F0EF-2972-4A32-ADBF-B9C7CD2B8F12}.Debug|Any CPU.Build.0 = Debug|Any CPU
		{65B5F0EF-2972-4A32-ADBF-B9C7CD2B8F12}.Release|Any CPU.ActiveCfg = Release|Any CPU
		{65B5F0EF-2972-4A32-ADBF-B9C7CD2B8F12}.Release|Any CPU.Build.0 = Release|Any CPU
	EndGlobalSection
	GlobalSection(SolutionProperties) = preSolution
		HideSolutionNode = FALSE
	EndGlobalSection
EndGlobal
